
Microsoft Visual Studio Solution File, Format Version 12.00
# Visual Studio Version 17
VisualStudioVersion = 17.11.35312.102
MinimumVisualStudioVersion = 10.0.40219.1
Project("{FAE04EC0-301F-11D3-BF4B-00C04F79EFBC}") = "MotivationsFaktorer", "MotivationsFaktorer\MotivationsFaktorer.csproj", "{5C17A9D7-35DB-47AF-9882-E35048F9E153}"
EndProject
Global
	GlobalSection(SolutionConfigurationPlatforms) = preSolution
		Debug|Any CPU = Debug|Any CPU
		Release|Any CPU = Release|Any CPU
	EndGlobalSection
	GlobalSection(ProjectConfigurationPlatforms) = postSolution
		{5C17A9D7-35DB-47AF-9882-E35048F9E153}.Debug|Any CPU.ActiveCfg = Debug|Any CPU
		{5C17A9D7-35DB-47AF-9882-E35048F9E153}.Debug|Any CPU.Build.0 = Debug|Any CPU
		{5C17A9D7-35DB-47AF-9882-E35048F9E153}.Release|Any CPU.ActiveCfg = Release|Any CPU
		{5C17A9D7-35DB-47AF-9882-E35048F9E153}.Release|Any CPU.Build.0 = Release|Any CPU
	EndGlobalSection
	GlobalSection(SolutionProperties) = preSolution
		HideSolutionNode = FALSE
	EndGlobalSection
	GlobalSection(ExtensibilityGlobals) = postSolution
		SolutionGuid = {85D8DCF5-0020-4942-97A6-E1352803590C}
	EndGlobalSection
EndGlobal
